github.com/google/gousb v1.1.2 h1:1BwarNB3inFTFhPgUEfah4hwOPuDz/49I0uX8XNginU=
github.com/google/gousb v1.1.2/go.mod h1:GGWUkK0gAXDzxhwrzetW592aOmkkqSGcj5KLEgmCVUg=
github.com/karalabe/usb v0.0.2 h1:M6QQBNxF+CQ8OFvxrT90BA0qBOXymndZnk5q235mFc4=
github.com/karalabe/usb v0.0.2/go.mod h1:Od972xHfMJowv7NGVDiWVxk2zxnWgjLlJzE+F4F7AGU=
